
Microsoft Visual Studio Solution File, Format Version 12.00
# Visual Studio Version 17
VisualStudioVersion = 17.3.32929.385
MinimumVisualStudioVersion = 10.0.40219.1
Project("{FAE04EC0-301F-11D3-BF4B-00C04F79EFBC}") = "Unipsico", "Unipsico\Unipsico.csproj", "{143FF242-3583-4CBA-8762-9DC674F9DDD3}"
EndProject
Global
	GlobalSection(SolutionConfigurationPlatforms) = preSolution
		Debug|Any CPU = Debug|Any CPU
		Release|Any CPU = Release|Any CPU
	EndGlobalSection
	GlobalSection(ProjectConfigurationPlatforms) = postSolution
		{143FF242-3583-4CBA-8762-9DC674F9DDD3}.Debug|Any CPU.ActiveCfg = Debug|Any CPU
		{143FF242-3583-4CBA-8762-9DC674F9DDD3}.Debug|Any CPU.Build.0 = Debug|Any CPU
		{143FF242-3583-4CBA-8762-9DC674F9DDD3}.Release|Any CPU.ActiveCfg = Release|Any CPU
		{143FF242-3583-4CBA-8762-9DC674F9DDD3}.Release|Any CPU.Build.0 = Release|Any CPU
	EndGlobalSection
	GlobalSection(SolutionProperties) = preSolution
		HideSolutionNode = FALSE
	EndGlobalSection
	GlobalSection(ExtensibilityGlobals) = postSolution
		SolutionGuid = {0285ABE3-ADD6-40B8-8C21-45153EC10802}
	EndGlobalSection
EndGlobal
